
Microsoft Visual Studio Solution File, Format Version 12.00
# Visual Studio Version 17
VisualStudioVersion = 17.14.36203.30 d17.14
MinimumVisualStudioVersion = 10.0.40219.1
Project("{FAE04EC0-301F-11D3-BF4B-00C04F79EFBC}") = "GenetikAlgoritma", "GenetikAlgoritma\GenetikAlgoritma.csproj", "{ECF75C98-AF01-4EB7-873B-F66234881181}"
EndProject
Global
	GlobalSection(SolutionConfigurationPlatforms) = preSolution
		Debug|Any CPU = Debug|Any CPU
		Release|Any CPU = Release|Any CPU
	EndGlobalSection
	GlobalSection(ProjectConfigurationPlatforms) = postSolution
		{ECF75C98-AF01-4EB7-873B-F66234881181}.Debug|Any CPU.ActiveCfg = Debug|Any CPU
		{ECF75C98-AF01-4EB7-873B-F66234881181}.Debug|Any CPU.Build.0 = Debug|Any CPU
		{ECF75C98-AF01-4EB7-873B-F66234881181}.Release|Any CPU.ActiveCfg = Release|Any CPU
		{ECF75C98-AF01-4EB7-873B-F66234881181}.Release|Any CPU.Build.0 = Release|Any CPU
	EndGlobalSection
	GlobalSection(SolutionProperties) = preSolution
		HideSolutionNode = FALSE
	EndGlobalSection
	GlobalSection(ExtensibilityGlobals) = postSolution
		SolutionGuid = {7F996F7C-5D02-4D31-BAD5-53FF28FBBE7B}
	EndGlobalSection
EndGlobal
